packages:
  - name: dbt_utils
    package: dbt-labs/dbt_utils
    version: 1.1.1
  - name: dbt_expectations
    package: metaplane/dbt_expectations
    version: 0.10.9
  - name: dbt_artifacts
    package: brooklyn-data/dbt_artifacts
    version: 2.9.3
  - name: codegen
    package: dbt-labs/codegen
    version: 0.13.1
  - name: dbt_date
    package: godatadriven/dbt_date
    version: 0.16.1
sha1_hash: 6cb64cc73e888e630ad459aba7b869d0ef8d31b4
